
Microsoft Visual Studio Solution File, Format Version 12.00
# Visual Studio 15
VisualStudioVersion = 15.0.27703.2026
MinimumVisualStudioVersion = 10.0.40219.1
Project("{FAE04EC0-301F-11D3-BF4B-00C04F79EFBC}") = "ElectronicShop.PresentationLayer", "UpsForm\ElectronicShop.PresentationLayer.csproj", "{BB2F3C83-6143-4BD9-A9BB-98AC866AF930}"
EndProject
Project("{FAE04EC0-301F-11D3-BF4B-00C04F79EFBC}") = "ElectronicShop.Business.Commands", "UPS\ElectronicShop.Business.Commands.csproj", "{ADF4AB73-1410-4023-A940-59824F53629D}"
EndProject
Project("{FAE04EC0-301F-11D3-BF4B-00C04F79EFBC}") = "ElectronicShop.DataAccess", "ElectronicShop.DataAccess\ElectronicShop.DataAccess.csproj", "{977FF731-223A-4AA2-A371-027E74393C93}"
EndProject
Project("{FAE04EC0-301F-11D3-BF4B-00C04F79EFBC}") = "ElectronicShop.DataModel", "ElectronicShop.Common\ElectronicShop.DataModel.csproj", "{CED0EC59-7205-4B74-B17F-B85F206D1DA7}"
EndProject
Global
	GlobalSection(SolutionConfigurationPlatforms) = preSolution
		Debug|Any CPU = Debug|Any CPU
		Release|Any CPU = Release|Any CPU
	EndGlobalSection
	GlobalSection(ProjectConfigurationPlatforms) = postSolution
		{BB2F3C83-6143-4BD9-A9BB-98AC866AF930}.Debug|Any CPU.ActiveCfg = Debug|Any CPU
		{BB2F3C83-6143-4BD9-A9BB-98AC866AF930}.Debug|Any CPU.Build.0 = Debug|Any CPU
		{BB2F3C83-6143-4BD9-A9BB-98AC866AF930}.Release|Any CPU.ActiveCfg = Release|Any CPU
		{BB2F3C83-6143-4BD9-A9BB-98AC866AF930}.Release|Any CPU.Build.0 = Release|Any CPU
		{ADF4AB73-1410-4023-A940-59824F53629D}.Debug|Any CPU.ActiveCfg = Debug|Any CPU
		{ADF4AB73-1410-4023-A940-59824F53629D}.Debug|Any CPU.Build.0 = Debug|Any CPU
		{ADF4AB73-1410-4023-A940-59824F53629D}.Release|Any CPU.ActiveCfg = Release|Any CPU
		{ADF4AB73-1410-4023-A940-59824F53629D}.Release|Any CPU.Build.0 = Release|Any CPU
		{977FF731-223A-4AA2-A371-027E74393C93}.Debug|Any CPU.ActiveCfg = Debug|Any CPU
		{977FF731-223A-4AA2-A371-027E74393C93}.Debug|Any CPU.Build.0 = Debug|Any CPU
		{977FF731-223A-4AA2-A371-027E74393C93}.Release|Any CPU.ActiveCfg = Release|Any CPU
		{977FF731-223A-4AA2-A371-027E74393C93}.Release|Any CPU.Build.0 = Release|Any CPU
		{CED0EC59-7205-4B74-B17F-B85F206D1DA7}.Debug|Any CPU.ActiveCfg = Debug|Any CPU
		{CED0EC59-7205-4B74-B17F-B85F206D1DA7}.Debug|Any CPU.Build.0 = Debug|Any CPU
		{CED0EC59-7205-4B74-B17F-B85F206D1DA7}.Release|Any CPU.ActiveCfg = Release|Any CPU
		{CED0EC59-7205-4B74-B17F-B85F206D1DA7}.Release|Any CPU.Build.0 = Release|Any CPU
	EndGlobalSection
	GlobalSection(SolutionProperties) = preSolution
		HideSolutionNode = FALSE
	EndGlobalSection
	GlobalSection(ExtensibilityGlobals) = postSolution
		SolutionGuid = {69B29B6D-CC35-47D0-9D7E-CF17107F6EE0}
	EndGlobalSection
EndGlobal
